
Microsoft Visual Studio Solution File, Format Version 12.00
# Visual Studio 15
VisualStudioVersion = 15.0.27703.2042
MinimumVisualStudioVersion = 10.0.40219.1
Project("{9A19103F-16F7-4668-BE54-9A1E7A4F7556}") = "JournalResearcher", "JournalResearcher\JournalResearcher.csproj", "{5CC439A5-E025-4915-BB44-C58AAE66578F}"
EndProject
Project("{9A19103F-16F7-4668-BE54-9A1E7A4F7556}") = "JournalResearcher.DataAccess", "JournalResearcher.DataAccess\JournalResearcher.DataAccess.csproj", "{564D2337-F3FB-43D0-B410-DCDD9FCEB157}"
EndProject
Project("{9A19103F-16F7-4668-BE54-9A1E7A4F7556}") = "JournalResearcher.Logic", "JournalResearcher.Logic\JournalResearcher.Logic.csproj", "{3DF3929B-6461-44DD-9C50-DA13A61262D9}"
EndProject
Global
	GlobalSection(SolutionConfigurationPlatforms) = preSolution
		Debug|Any CPU = Debug|Any CPU
		Release|Any CPU = Release|Any CPU
	EndGlobalSection
	GlobalSection(ProjectConfigurationPlatforms) = postSolution
		{5CC439A5-E025-4915-BB44-C58AAE66578F}.Debug|Any CPU.ActiveCfg = Debug|Any CPU
		{5CC439A5-E025-4915-BB44-C58AAE66578F}.Debug|Any CPU.Build.0 = Debug|Any CPU
		{5CC439A5-E025-4915-BB44-C58AAE66578F}.Release|Any CPU.ActiveCfg = Release|Any CPU
		{5CC439A5-E025-4915-BB44-C58AAE66578F}.Release|Any CPU.Build.0 = Release|Any CPU
		{564D2337-F3FB-43D0-B410-DCDD9FCEB157}.Debug|Any CPU.ActiveCfg = Debug|Any CPU
		{564D2337-F3FB-43D0-B410-DCDD9FCEB157}.Debug|Any CPU.Build.0 = Debug|Any CPU
		{564D2337-F3FB-43D0-B410-DCDD9FCEB157}.Release|Any CPU.ActiveCfg = Release|Any CPU
		{564D2337-F3FB-43D0-B410-DCDD9FCEB157}.Release|Any CPU.Build.0 = Release|Any CPU
		{3DF3929B-6461-44DD-9C50-DA13A61262D9}.Debug|Any CPU.ActiveCfg = Debug|Any CPU
		{3DF3929B-6461-44DD-9C50-DA13A61262D9}.Debug|Any CPU.Build.0 = Debug|Any CPU
		{3DF3929B-6461-44DD-9C50-DA13A61262D9}.Release|Any CPU.ActiveCfg = Release|Any CPU
		{3DF3929B-6461-44DD-9C50-DA13A61262D9}.Release|Any CPU.Build.0 = Release|Any CPU
	EndGlobalSection
	GlobalSection(SolutionProperties) = preSolution
		HideSolutionNode = FALSE
	EndGlobalSection
	GlobalSection(ExtensibilityGlobals) = postSolution
		SolutionGuid = {5D8D3229-7E2A-4B43-96B0-87D772ABB47E}
	EndGlobalSection
EndGlobal
